
Microsoft Visual Studio Solution File, Format Version 12.00
# Visual Studio Version 17
VisualStudioVersion = 17.5.002.0
MinimumVisualStudioVersion = 10.0.40219.1
Project("{9A19103F-16F7-4668-BE54-9A1E7A4F7556}") = "csharpPractice", "csharpPractice.csproj", "{5CFEEE79-F8D7-44FC-8E01-6209E84BBE66}"
EndProject
Global
	GlobalSection(SolutionConfigurationPlatforms) = preSolution
		Debug|Any CPU = Debug|Any CPU
		Release|Any CPU = Release|Any CPU
	EndGlobalSection
	GlobalSection(ProjectConfigurationPlatforms) = postSolution
		{5CFEEE79-F8D7-44FC-8E01-6209E84BBE66}.Debug|Any CPU.ActiveCfg = Debug|Any CPU
		{5CFEEE79-F8D7-44FC-8E01-6209E84BBE66}.Debug|Any CPU.Build.0 = Debug|Any CPU
		{5CFEEE79-F8D7-44FC-8E01-6209E84BBE66}.Release|Any CPU.ActiveCfg = Release|Any CPU
		{5CFEEE79-F8D7-44FC-8E01-6209E84BBE66}.Release|Any CPU.Build.0 = Release|Any CPU
	EndGlobalSection
	GlobalSection(SolutionProperties) = preSolution
		HideSolutionNode = FALSE
	EndGlobalSection
	GlobalSection(ExtensibilityGlobals) = postSolution
		SolutionGuid = {D0A4095E-84F3-40E9-843B-2E037F6EF587}
	EndGlobalSection
EndGlobal
